
Microsoft Visual Studio Solution File, Format Version 12.00
# Visual Studio Version 16
VisualStudioVersion = 16.0.30503.244
MinimumVisualStudioVersion = 10.0.40219.1
Project("{FAE04EC0-301F-11D3-BF4B-00C04F79EFBC}") = "QD.Swagger.Extensions", "QD.Swagger.Extensions\QD.Swagger.Extensions.csproj", "{9E03F54D-D8CC-4C1B-973A-CBB41018E470}"
EndProject
Project("{9A19103F-16F7-4668-BE54-9A1E7A4F7556}") = "TestAPP", "TestAPP\TestAPP.csproj", "{B7F0B3EB-4BB7-4A22-9878-4070019E728E}"
EndProject
Global
	GlobalSection(SolutionConfigurationPlatforms) = preSolution
		Debug|Any CPU = Debug|Any CPU
		Release|Any CPU = Release|Any CPU
	EndGlobalSection
	GlobalSection(ProjectConfigurationPlatforms) = postSolution
		{9E03F54D-D8CC-4C1B-973A-CBB41018E470}.Debug|Any CPU.ActiveCfg = Debug|Any CPU
		{9E03F54D-D8CC-4C1B-973A-CBB41018E470}.Debug|Any CPU.Build.0 = Debug|Any CPU
		{9E03F54D-D8CC-4C1B-973A-CBB41018E470}.Release|Any CPU.ActiveCfg = Release|Any CPU
		{9E03F54D-D8CC-4C1B-973A-CBB41018E470}.Release|Any CPU.Build.0 = Release|Any CPU
		{B7F0B3EB-4BB7-4A22-9878-4070019E728E}.Debug|Any CPU.ActiveCfg = Debug|Any CPU
		{B7F0B3EB-4BB7-4A22-9878-4070019E728E}.Debug|Any CPU.Build.0 = Debug|Any CPU
		{B7F0B3EB-4BB7-4A22-9878-4070019E728E}.Release|Any CPU.ActiveCfg = Release|Any CPU
		{B7F0B3EB-4BB7-4A22-9878-4070019E728E}.Release|Any CPU.Build.0 = Release|Any CPU
	EndGlobalSection
	GlobalSection(SolutionProperties) = preSolution
		HideSolutionNode = FALSE
	EndGlobalSection
	GlobalSection(ExtensibilityGlobals) = postSolution
		SolutionGuid = {BE809ADD-6701-4520-95AD-8741E1840975}
	EndGlobalSection
EndGlobal
